// !$*UTF8*$!
{
	archiveVersion = 1;
	classes = {
	};
	objectVersion = 46;
	objects = {

/* Begin PBXBuildFile section */
		302E6A161B0477A00055951F /* main.m in Sources */ = {isa = PBXBuildFile; fileRef = 302E6A151B0477A00055951F /* main.m */; };
		302E6A191B0477A00055951F /* AppDelegate.m in Sources */ = {isa = PBXBuildFile; fileRef = 302E6A181B0477A00055951F /* AppDelegate.m */; };
		302E6A1C1B0477A00055951F /* ViewController.m in Sources */ = {isa = PBXBuildFile; fileRef = 302E6A1B1B0477A00055951F /* ViewController.m */; };
		302E6A1F1B0477A00055951F /* Main.storyboard in Resources */ = {isa = PBXBuildFile; fileRef = 302E6A1D1B0477A00055951F /* Main.storyboard */; };
		302E6A211B0477A00055951F /* Images.xcassets in Resources */ = {isa = PBXBuildFile; fileRef = 302E6A201B0477A00055951F /* Images.xcassets */; };
		302E6A241B0477A00055951F /* LaunchScreen.xib in Resources */ = {isa = PBXBuildFile; fileRef = 302E6A221B0477A00055951F /* LaunchScreen.xib */; };
		302E6A301B0477A00055951F /* WeiCheTests.m in Sources */ = {isa = PBXBuildFile; fileRef = 302E6A2F1B0477A00055951F /* WeiCheTests.m */; };
/* End PBXBuildFile section */

/* Begin PBXContainerItemProxy section */
		302E6A2A1B0477A00055951F /* PBXContainerItemProxy */ = {
			isa = PBXContainerItemProxy;
			containerPortal = 302E6A081B0477A00055951F /* Project object */;
			proxyType = 1;
			remoteGlobalIDString = 302E6A0F1B0477A00055951F;
			remoteInfo = WeiChe;
		};
/* End PBXContainerItemProxy section */

/* Begin PBXFileReference section */
		302E6A101B0477A00055951F /* WeiChe.app */ = {isa = PBXFileReference; explicitFileType = wrapper.application; includeInIndex = 0; path = WeiChe.app; sourceTree = BUILT_PRODUCTS_DIR; };
		302E6A141B0477A00055951F /* Info.plist */ = {isa = PBXFileReference; lastKnownFileType = text.plist.xml; path = Info.plist; sourceTree = "<group>"; };
		302E6A151B0477A00055951F /* main.m */ = {isa = PBXFileReference; lastKnownFileType = sourcecode.c.objc; path = main.m; sourceTree = "<group>"; };
		302E6A171B0477A00055951F /* AppDelegate.h */ = {isa = PBXFileReference; lastKnownFileType = sourcecode.c.h; path = AppDelegate.h; sourceTree = "<group>"; };
		302E6A181B0477A00055951F /* AppDelegate.m */ = {isa = PBXFileReference; lastKnownFileType = sourcecode.c.objc; path = AppDelegate.m; sourceTree = "<group>"; };
		302E6A1A1B0477A00055951F /* ViewController.h */ = {isa = PBXFileReference; lastKnownFileType = sourcecode.c.h; path = ViewController.h; sourceTree = "<group>"; };
		302E6A1B1B0477A00055951F /* ViewController.m */ = {isa = PBXFileReference; lastKnownFileType = sourcecode.c.objc; path = ViewController.m; sourceTree = "<group>"; };
		302E6A1E1B0477A00055951F /* Base */ = {isa = PBXFileReference; lastKnownFileType = file.storyboard; name = Base; path = Base.lproj/Main.storyboard; sourceTree = "<group>"; };
		302E6A201B0477A00055951F /* Images.xcassets */ = {isa = PBXFileReference; lastKnownFileType = folder.assetcatalog; path = Images.xcassets; sourceTree = "<group>"; };
		302E6A231B0477A00055951F /* Base */ = {isa = PBXFileReference; lastKnownFileType = file.xib; name = Base; path = Base.lproj/LaunchScreen.xib; sourceTree = "<group>"; };
		302E6A291B0477A00055951F /* WeiCheTests.xctest */ = {isa = PBXFileReference; explicitFileType = wrapper.cfbundle; includeInIndex = 0; path = WeiCheTests.xctest; sourceTree = BUILT_PRODUCTS_DIR; };
		302E6A2E1B0477A00055951F /* Info.plist */ = {isa = PBXFileReference; lastKnownFileType = text.plist.xml; path = Info.plist; sourceTree = "<group>"; };
		302E6A2F1B0477A00055951F /* WeiCheTests.m */ = {isa = PBXFileReference; lastKnownFileType = sourcecode.c.objc; path = WeiCheTests.m; sourceTree = "<group>"; };
/* End PBXFileReference section */

/* Begin PBXFrameworksBuildPhase section */
		302E6A0D1B0477A00055951F /* Frameworks */ = {
			isa = PBXFrameworksBuildPhase;
			buildActionMask = 2147483647;
			files = (
			);
			runOnlyForDeploymentPostprocessing = 0;
		};
		302E6A261B0477A00055951F /* Frameworks */ = {
			isa = PBXFrameworksBuildPhase;
			buildActionMask = 2147483647;
			files = (
			);
			runOnlyForDeploymentPostprocessing = 0;
		};
/* End PBXFrameworksBuildPhase section */

/* Begin PBXGroup section */
		302E6A071B0477A00055951F = {
			isa = PBXGroup;
			children = (
				302E6A121B0477A00055951F /* WeiChe */,
				302E6A2C1B0477A00055951F /* WeiCheTests */,
				302E6A111B0477A00055951F /* Products */,
			);
			sourceTree = "<group>";
		};
		302E6A111B0477A00055951F /* Products */ = {
			isa = PBXGroup;
			children = (
				302E6A101B0477A00055951F /* WeiChe.app */,
				302E6A291B0477A00055951F /* WeiCheTests.xctest */,
			);
			name = Products;
			sourceTree = "<group>";
		};
		302E6A121B0477A00055951F /* WeiChe */ = {
			isa = PBXGroup;
			children = (
				302E6A171B0477A00055951F /* AppDelegate.h */,
				302E6A181B0477A00055951F /* AppDelegate.m */,
				302E6A1A1B0477A00055951F /* ViewController.h */,
				302E6A1B1B0477A00055951F /* ViewController.m */,
				302E6A1D1B0477A00055951F /* Main.storyboard */,
				302E6A201B0477A00055951F /* Images.xcassets */,
				302E6A221B0477A00055951F /* LaunchScreen.xib */,
				302E6A131B0477A00055951F /* Supporting Files */,
			);
			path = WeiChe;
			sourceTree = "<group>";
		};
		302E6A131B0477A00055951F /* Supporting Files */ = {
			isa = PBXGroup;
			children = (
				302E6A141B0477A00055951F /* Info.plist */,
				302E6A151B0477A00055951F /* main.m */,
			);
			name = "Supporting Files";
			sourceTree = "<group>";
		};
		302E6A2C1B0477A00055951F /* WeiCheTests */ = {
			isa = PBXGroup;
			children = (
				302E6A2F1B0477A00055951F /* WeiCheTests.m */,
				302E6A2D1B0477A00055951F /* Supporting Files */,
			);
			path = WeiCheTests;
			sourceTree = "<group>";
		};
		302E6A2D1B0477A00055951F /* Supporting Files */ = {
			isa = PBXGroup;
			children = (
				302E6A2E1B0477A00055951F /* Info.plist */,
			);
			name = "Supporting Files";
			sourceTree = "<group>";
		};
/* End PBXGroup section */

/* Begin PBXNativeTarget section */
		302E6A0F1B0477A00055951F /* WeiChe */ = {
			isa = PBXNativeTarget;
			buildConfigurationList = 302E6A331B0477A00055951F /* Build configuration list for PBXNativeTarget "WeiChe" */;
			buildPhases = (
				302E6A0C1B0477A00055951F /* Sources */,
				302E6A0D1B0477A00055951F /* Frameworks */,
				302E6A0E1B0477A00055951F /* Resources */,
			);
			buildRules = (
			);
			dependencies = (
			);
			name = WeiChe;
			productName = WeiChe;
			productReference = 302E6A101B0477A00055951F /* WeiChe.app */;
			productType = "com.apple.product-type.application";
		};
		302E6A281B0477A00055951F /* WeiCheTests */ = {
			isa = PBXNativeTarget;
			buildConfigurationList = 302E6A361B0477A00055951F /* Build configuration list for PBXNativeTarget "WeiCheTests" */;
			buildPhases = (
				302E6A251B0477A00055951F /* Sources */,
				302E6A261B0477A00055951F /* Frameworks */,
				302E6A271B0477A00055951F /* Resources */,
			);
			buildRules = (
			);
			dependencies = (
				302E6A2B1B0477A00055951F /* PBXTargetDependency */,
			);
			name = WeiCheTests;
			productName = WeiCheTests;
			productReference = 302E6A291B0477A00055951F /* WeiCheTests.xctest */;
			productType = "com.apple.product-type.bundle.unit-test";
		};
/* End PBXNativeTarget section */

/* Begin PBXProject section */
		302E6A081B0477A00055951F /* Project object */ = {
			isa = PBXProject;
			attributes = {
				LastUpgradeCheck = 0630;
				ORGANIZATIONNAME = aodelin;
				TargetAttributes = {
					302E6A0F1B0477A00055951F = {
						CreatedOnToolsVersion = 6.3.1;
					};
					302E6A281B0477A00055951F = {
						CreatedOnToolsVersion = 6.3.1;
						TestTargetID = 302E6A0F1B0477A00055951F;
					};
				};
			};
			buildConfigurationList = 302E6A0B1B0477A00055951F /* Build configuration list for PBXProject "WeiChe" */;
			compatibilityVersion = "Xcode 3.2";
			developmentRegion = English;
			hasScannedForEncodings = 0;
			knownRegions = (
				en,
				Base,
			);
			mainGroup = 302E6A071B0477A00055951F;
			productRefGroup = 302E6A111B0477A00055951F /* Products */;
			projectDirPath = "";
			projectRoot = "";
			targets = (
				302E6A0F1B0477A00055951F /* WeiChe */,
				302E6A281B0477A00055951F /* WeiCheTests */,
			);
		};
/* End PBXProject section */

/* Begin PBXResourcesBuildPhase section */
		302E6A0E1B0477A00055951F /* Resources */ = {
			isa = PBXResourcesBuildPhase;
			buildActionMask = 2147483647;
			files = (
				302E6A1F1B0477A00055951F /* Main.storyboard in Resources */,
				302E6A241B0477A00055951F /* LaunchScreen.xib in Resources */,
				302E6A211B0477A00055951F /* Images.xcassets in Resources */,
			);
			runOnlyForDeploymentPostprocessing = 0;
		};
		302E6A271B0477A00055951F /* Resources */ = {
			isa = PBXResourcesBuildPhase;
			buildActionMask = 2147483647;
			files = (
			);
			runOnlyForDeploymentPostprocessing = 0;
		};
/* End PBXResourcesBuildPhase section */

/* Begin PBXSourcesBuildPhase section */
		302E6A0C1B0477A00055951F /* Sources */ = {
			isa = PBXSourcesBuildPhase;
			buildActionMask = 2147483647;
			files = (
				302E6A1C1B0477A00055951F /* ViewController.m in Sources */,
				302E6A191B0477A00055951F /* AppDelegate.m in Sources */,
				302E6A161B0477A00055951F /* main.m in Sources */,
			);
			runOnlyForDeploymentPostprocessing = 0;
		};
		302E6A251B0477A00055951F /* Sources */ = {
			isa = PBXSourcesBuildPhase;
			buildActionMask = 2147483647;
			files = (
				302E6A301B0477A00055951F /* WeiCheTests.m in Sources */,
			);
			runOnlyForDeploymentPostprocessing = 0;
		};
/* End PBXSourcesBuildPhase section */

/* Begin PBXTargetDependency section */
		302E6A2B1B0477A00055951F /* PBXTargetDependency */ = {
			isa = PBXTargetDependency;
			target = 302E6A0F1B0477A00055951F /* WeiChe */;
			targetProxy = 302E6A2A1B0477A00055951F /* PBXContainerItemProxy */;
		};
/* End PBXTargetDependency section */

/* Begin PBXVariantGroup section */
		302E6A1D1B0477A00055951F /* Main.storyboard */ = {
			isa = PBXVariantGroup;
			children = (
				302E6A1E1B0477A00055951F /* Base */,
			);
			name = Main.storyboard;
			sourceTree = "<group>";
		};
		302E6A221B0477A00055951F /* LaunchScreen.xib */ = {
			isa = PBXVariantGroup;
			children = (
				302E6A231B0477A00055951F /* Base */,
			);
			name = LaunchScreen.xib;
			sourceTree = "<group>";
		};
/* End PBXVariantGroup section */

/* Begin XCBuildConfiguration section */
		302E6A311B0477A00055951F /* Debug */ = {
			isa = XCBuildConfiguration;
			buildSettings = {
				ALWAYS_SEARCH_USER_PATHS = NO;
				CLANG_CXX_LANGUAGE_STANDARD = "gnu++0x";
				CLANG_CXX_LIBRARY = "libc++";
				CLANG_ENABLE_MODULES = YES;
				CLANG_ENABLE_OBJC_ARC = YES;
				CLANG_WARN_BOOL_CONVERSION = YES;
				CLANG_WARN_CONSTANT_CONVERSION = YES;
				CLANG_WARN_DIRECT_OBJC_ISA_USAGE = YES_ERROR;
				CLANG_WARN_EMPTY_BODY = YES;
				CLANG_WARN_ENUM_CONVERSION = YES;
				CLANG_WARN_INT_CONVERSION = YES;
				CLANG_WARN_OBJC_ROOT_CLASS = YES_ERROR;
				CLANG_WARN_UNREACHABLE_CODE = YES;
				CLANG_WARN__DUPLICATE_METHOD_MATCH = YES;
				"CODE_SIGN_IDENTITY[sdk=iphoneos*]" = "iPhone Developer";
				COPY_PHASE_STRIP = NO;
				DEBUG_INFORMATION_FORMAT = "dwarf-with-dsym";
				ENABLE_STRICT_OBJC_MSGSEND = YES;
				GCC_C_LANGUAGE_STANDARD = gnu99;
				GCC_DYNAMIC_NO_PIC = NO;
				GCC_NO_COMMON_BLOCKS = YES;
				GCC_OPTIMIZATION_LEVEL = 0;
				GCC_PREPROCESSOR_DEFINITIONS = (
					"DEBUG=1",
					"$(inherited)",
				);
				GCC_SYMBOLS_PRIVATE_EXTERN = NO;
				GCC_WARN_64_TO_32_BIT_CONVERSION = YES;
				GCC_WARN_ABOUT_RETURN_TYPE = YES_ERROR;
				GCC_WARN_UNDECLARED_SELECTOR = YES;
				GCC_WARN_UNINITIALIZED_AUTOS = YES_AGGRESSIVE;
				GCC_WARN_UNUSED_FUNCTION = YES;
				GCC_WARN_UNUSED_VARIABLE = YES;
				IPHONEOS_DEPLOYMENT_TARGET = 8.3;
				MTL_ENABLE_DEBUG_INFO = YES;
				ONLY_ACTIVE_ARCH = YES;
				SDKROOT = iphoneos;
				TARGETED_DEVICE_FAMILY = "1,2";
			};
			name = Debug;
		};
		302E6A321B0477A00055951F /* Release */ = {
			isa = XCBuildConfiguration;
			buildSettings = {
				ALWAYS_SEARCH_USER_PATHS = NO;
				CLANG_CXX_LANGUAGE_STANDARD = "gnu++0x";
				CLANG_CXX_LIBRARY = "libc++";
				CLANG_ENABLE_MODULES = YES;
				CLANG_ENABLE_OBJC_ARC = YES;
				CLANG_WARN_BOOL_CONVERSION = YES;
				CLANG_WARN_CONSTANT_CONVERSION = YES;
				CLANG_WARN_DIRECT_OBJC_ISA_USAGE = YES_ERROR;
				CLANG_WARN_EMPTY_BODY = YES;
				CLANG_WARN_ENUM_CONVERSION = YES;
				CLANG_WARN_INT_CONVERSION = YES;
				CLANG_WARN_OBJC_ROOT_CLASS = YES_ERROR;
				CLANG_WARN_UNREACHABLE_CODE = YES;
				CLANG_WARN__DUPLICATE_METHOD_MATCH = YES;
				"CODE_SIGN_IDENTITY[sdk=iphoneos*]" = "iPhone Developer";
				COPY_PHASE_STRIP = NO;
				DEBUG_INFORMATION_FORMAT = "dwarf-with-dsym";
				ENABLE_NS_ASSERTIONS = NO;
				ENABLE_STRICT_OBJC_MSGSEND = YES;
				GCC_C_LANGUAGE_STANDARD = gnu99;
				GCC_NO_COMMON_BLOCKS = YES;
				GCC_WARN_64_TO_32_BIT_CONVERSION = YES;
				GCC_WARN_ABOUT_RETURN_TYPE = YES_ERROR;
				GCC_WARN_UNDECLARED_SELECTOR = YES;
				GCC_WARN_UNINITIALIZED_AUTOS = YES_AGGRESSIVE;
				GCC_WARN_UNUSED_FUNCTION = YES;
				GCC_WARN_UNUSED_VARIABLE = YES;
				IPHONEOS_DEPLOYMENT_TARGET = 8.3;
				MTL_ENABLE_DEBUG_INFO = NO;
				SDKROOT = iphoneos;
				TARGETED_DEVICE_FAMILY = "1,2";
				VALIDATE_PRODUCT = YES;
			};
			name = Release;
		};
		302E6A341B0477A00055951F /* Debug */ = {
			isa = XCBuildConfiguration;
			buildSettings = {
				ASSETCATALOG_COMPILER_APPICON_NAME = AppIcon;
				INFOPLIST_FILE = WeiChe/Info.plist;
				LD_RUNPATH_SEARCH_PATHS = "$(inherited) @executable_path/Frameworks";
				PRODUCT_NAME = "$(TARGET_NAME)";
			};
			name = Debug;
		};
		302E6A351B0477A00055951F /* Release */ = {
			isa = XCBuildConfiguration;
			buildSettings = {
				ASSETCATALOG_COMPILER_APPICON_NAME = AppIcon;
				INFOPLIST_FILE = WeiChe/Info.plist;
				LD_RUNPATH_SEARCH_PATHS = "$(inherited) @executable_path/Frameworks";
				PRODUCT_NAME = "$(TARGET_NAME)";
			};
			name = Release;
		};
		302E6A371B0477A00055951F /* Debug */ = {
			isa = XCBuildConfiguration;
			buildSettings = {
				BUNDLE_LOADER = "$(TEST_HOST)";
				FRAMEWORK_SEARCH_PATHS = (
					"$(SDKROOT)/Developer/Library/Frameworks",
					"$(inherited)",
				);
				GCC_PREPROCESSOR_DEFINITIONS = (
					"DEBUG=1",
					"$(inherited)",
				);
				INFOPLIST_FILE = WeiCheTests/Info.plist;
				LD_RUNPATH_SEARCH_PATHS = "$(inherited) @executable_path/Frameworks @loader_path/Frameworks";
				PRODUCT_NAME = "$(TARGET_NAME)";
				TEST_HOST = "$(BUILT_PRODUCTS_DIR)/WeiChe.app/WeiChe";
			};
			name = Debug;
		};
		302E6A381B0477A00055951F /* Release */ = {
			isa = XCBuildConfiguration;
			buildSettings = {
				BUNDLE_LOADER = "$(TEST_HOST)";
				FRAMEWORK_SEARCH_PATHS = (
					"$(SDKROOT)/Developer/Library/Frameworks",
					"$(inherited)",
				);
				INFOPLIST_FILE = WeiCheTests/Info.plist;
				LD_RUNPATH_SEARCH_PATHS = "$(inherited) @executable_path/Frameworks @loader_path/Frameworks";
				PRODUCT_NAME = "$(TARGET_NAME)";
				TEST_HOST = "$(BUILT_PRODUCTS_DIR)/WeiChe.app/WeiChe";
			};
			name = Release;
		};
/* End XCBuildConfiguration section */

/* Begin XCConfigurationList section */
		302E6A0B1B0477A00055951F /* Build configuration list for PBXProject "WeiChe" */ = {
			isa = XCConfigurationList;
			buildConfigurations = (
				302E6A311B0477A00055951F /* Debug */,
				302E6A321B0477A00055951F /* Release */,
			);
			defaultConfigurationIsVisible = 0;
			defaultConfigurationName = Release;
		};
		302E6A331B0477A00055951F /* Build configuration list for PBXNativeTarget "WeiChe" */ = {
			isa = XCConfigurationList;
			buildConfigurations = (
				302E6A341B0477A00055951F /* Debug */,
				302E6A351B0477A00055951F /* Release */,
			);
			defaultConfigurationIsVisible = 0;
		};
		302E6A361B0477A00055951F /* Build configuration list for PBXNativeTarget "WeiCheTests" */ = {
			isa = XCConfigurationList;
			buildConfigurations = (
				302E6A371B0477A00055951F /* Debug */,
				302E6A381B0477A00055951F /* Release */,
			);
			defaultConfigurationIsVisible = 0;
		};
/* End XCConfigurationList section */
	};
	rootObject = 302E6A081B0477A00055951F /* Project object */;
}
